
Microsoft Visual Studio Solution File, Format Version 12.00
# Visual Studio Version 17
VisualStudioVersion = 17.0.31912.275
MinimumVisualStudioVersion = 10.0.40219.1
Project("{9A19103F-16F7-4668-BE54-9A1E7A4F7556}") = "CleanArchMvc.Domain", "CleanArchMvc.Domain\CleanArchMvc.Domain.csproj", "{C7628DB9-BA2A-4F26-BBBE-9F09D39554F7}"
EndProject
Project("{9A19103F-16F7-4668-BE54-9A1E7A4F7556}") = "CleanArchMvc.Application", "CleanArchMvc.Application\CleanArchMvc.Application.csproj", "{BF3B50FA-F4AD-4AF9-B115-B1E6197274DC}"
EndProject
Project("{9A19103F-16F7-4668-BE54-9A1E7A4F7556}") = "CleanArchMvc.Infra.Data", "CleanArchMvc.Infra.Data\CleanArchMvc.Infra.Data.csproj", "{794E268F-392E-4EA9-940B-C43AF22FD30F}"
EndProject
Project("{9A19103F-16F7-4668-BE54-9A1E7A4F7556}") = "CleanArchMvc.Infra.IoC", "CleanArchMvc.Infra.IoC\CleanArchMvc.Infra.IoC.csproj", "{C6F81FA5-EC1F-4F89-967A-FEBEA9ED5C37}"
EndProject
Project("{9A19103F-16F7-4668-BE54-9A1E7A4F7556}") = "CleanArchMvc.Domain.Tests", "CleanArchMvc.Domain.Tests\CleanArchMvc.Domain.Tests.csproj", "{750C07FF-418B-4168-9547-8257BBE699AD}"
EndProject
Project("{FAE04EC0-301F-11D3-BF4B-00C04F79EFBC}") = "CleanArchMvc.API", "CleanArchMvc.API\CleanArchMvc.API.csproj", "{654573A1-8F82-40DD-BF71-151D5E327D8D}"
EndProject
Global
	GlobalSection(SolutionConfigurationPlatforms) = preSolution
		Debug|Any CPU = Debug|Any CPU
		Release|Any CPU = Release|Any CPU
	EndGlobalSection
	GlobalSection(ProjectConfigurationPlatforms) = postSolution
		{C7628DB9-BA2A-4F26-BBBE-9F09D39554F7}.Debug|Any CPU.ActiveCfg = Debug|Any CPU
		{C7628DB9-BA2A-4F26-BBBE-9F09D39554F7}.Debug|Any CPU.Build.0 = Debug|Any CPU
		{C7628DB9-BA2A-4F26-BBBE-9F09D39554F7}.Release|Any CPU.ActiveCfg = Release|Any CPU
		{C7628DB9-BA2A-4F26-BBBE-9F09D39554F7}.Release|Any CPU.Build.0 = Release|Any CPU
		{BF3B50FA-F4AD-4AF9-B115-B1E6197274DC}.Debug|Any CPU.ActiveCfg = Debug|Any CPU
		{BF3B50FA-F4AD-4AF9-B115-B1E6197274DC}.Debug|Any CPU.Build.0 = Debug|Any CPU
		{BF3B50FA-F4AD-4AF9-B115-B1E6197274DC}.Release|Any CPU.ActiveCfg = Release|Any CPU
		{BF3B50FA-F4AD-4AF9-B115-B1E6197274DC}.Release|Any CPU.Build.0 = Release|Any CPU
		{794E268F-392E-4EA9-940B-C43AF22FD30F}.Debug|Any CPU.ActiveCfg = Debug|Any CPU
		{794E268F-392E-4EA9-940B-C43AF22FD30F}.Debug|Any CPU.Build.0 = Debug|Any CPU
		{794E268F-392E-4EA9-940B-C43AF22FD30F}.Release|Any CPU.ActiveCfg = Release|Any CPU
		{794E268F-392E-4EA9-940B-C43AF22FD30F}.Release|Any CPU.Build.0 = Release|Any CPU
		{C6F81FA5-EC1F-4F89-967A-FEBEA9ED5C37}.Debug|Any CPU.ActiveCfg = Debug|Any CPU
		{C6F81FA5-EC1F-4F89-967A-FEBEA9ED5C37}.Debug|Any CPU.Build.0 = Debug|Any CPU
		{C6F81FA5-EC1F-4F89-967A-FEBEA9ED5C37}.Release|Any CPU.ActiveCfg = Release|Any CPU
		{C6F81FA5-EC1F-4F89-967A-FEBEA9ED5C37}.Release|Any CPU.Build.0 = Release|Any CPU
		{750C07FF-418B-4168-9547-8257BBE699AD}.Debug|Any CPU.ActiveCfg = Debug|Any CPU
		{750C07FF-418B-4168-9547-8257BBE699AD}.Debug|Any CPU.Build.0 = Debug|Any CPU
		{750C07FF-418B-4168-9547-8257BBE699AD}.Release|Any CPU.ActiveCfg = Release|Any CPU
		{750C07FF-418B-4168-9547-8257BBE699AD}.Release|Any CPU.Build.0 = Release|Any CPU
		{654573A1-8F82-40DD-BF71-151D5E327D8D}.Debug|Any CPU.ActiveCfg = Debug|Any CPU
		{654573A1-8F82-40DD-BF71-151D5E327D8D}.Debug|Any CPU.Build.0 = Debug|Any CPU
		{654573A1-8F82-40DD-BF71-151D5E327D8D}.Release|Any CPU.ActiveCfg = Release|Any CPU
		{654573A1-8F82-40DD-BF71-151D5E327D8D}.Release|Any CPU.Build.0 = Release|Any CPU
	EndGlobalSection
	GlobalSection(SolutionProperties) = preSolution
		HideSolutionNode = FALSE
	EndGlobalSection
	GlobalSection(ExtensibilityGlobals) = postSolution
		SolutionGuid = {A5C681F4-EAD0-4DB6-A1B9-9E68827E5EEA}
	EndGlobalSection
EndGlobal
